
Microsoft Visual Studio Solution File, Format Version 12.00
# Visual Studio 2013
VisualStudioVersion = 12.0.21005.1
MinimumVisualStudioVersion = 10.0.40219.1
Project("{FAE04EC0-301F-11D3-BF4B-00C04F79EFBC}") = "Cluck", "Cluck\Cluck\Cluck.csproj", "{2226F5BD-7D90-41BB-96DC-8DF10FC6621C}"
	ProjectSection(ProjectDependencies) = postProject
		{7DC6A5C9-09A0-4BDC-B9B3-1086D98975D4} = {7DC6A5C9-09A0-4BDC-B9B3-1086D98975D4}
	EndProjectSection
EndProject
Project("{FAE04EC0-301F-11D3-BF4B-00C04F79EFBC}") = "CluckContent", "Cluck\CluckContent\CluckContent.contentproj", "{AA253374-6004-49CE-B1C4-FA7F556EE1DC}"
EndProject
Project("{FAE04EC0-301F-11D3-BF4B-00C04F79EFBC}") = "GameStateManagement (Windows)", "GameStateManagement\GameStateManagement (Windows).csproj", "{0A551D79-F37E-4529-9CA0-3FD2E9EA715E}"
EndProject
Project("{FAE04EC0-301F-11D3-BF4B-00C04F79EFBC}") = "SkinnedModelPipeline", "SkinnedModelPipeline\SkinnedModelPipeline.csproj", "{E8D42DDD-BB76-4CA9-A19C-239FB2B55F21}"
EndProject
Project("{FAE04EC0-301F-11D3-BF4B-00C04F79EFBC}") = "SkinnedModel", "SkinnedModel\SkinnedModel.csproj", "{7DC6A5C9-09A0-4BDC-B9B3-1086D98975D4}"
EndProject
Project("{FAE04EC0-301F-11D3-BF4B-00C04F79EFBC}") = "Xbox 360 Copy of GameStateManagement (Windows)", "GameStateManagement\Xbox 360 Copy of GameStateManagement (Windows).csproj", "{C5C7422A-5D80-4A8D-94A3-C58E4B4FE906}"
EndProject
Project("{FAE04EC0-301F-11D3-BF4B-00C04F79EFBC}") = "Xbox 360 Copy of SkinnedModel", "SkinnedModel\Xbox 360 Copy of SkinnedModel.csproj", "{3BD2D75E-FA82-43D1-80D8-CB04C1BB9832}"
EndProject
Project("{FAE04EC0-301F-11D3-BF4B-00C04F79EFBC}") = "Xbox 360 Copy (2) of Cluck", "Cluck\Cluck\Xbox 360 Copy (2) of Cluck.csproj", "{5A236B7D-0AF5-4D81-A67C-C3453C868FB7}"
EndProject
Global
	GlobalSection(SolutionConfigurationPlatforms) = preSolution
		Debug|Mixed Platforms = Debug|Mixed Platforms
		Debug|x86 = Debug|x86
		Debug|Xbox 360 = Debug|Xbox 360
		Release|Mixed Platforms = Release|Mixed Platforms
		Release|x86 = Release|x86
		Release|Xbox 360 = Release|Xbox 360
	EndGlobalSection
	GlobalSection(ProjectConfigurationPlatforms) = postSolution
		{2226F5BD-7D90-41BB-96DC-8DF10FC6621C}.Debug|Mixed Platforms.ActiveCfg = Debug|x86
		{2226F5BD-7D90-41BB-96DC-8DF10FC6621C}.Debug|Mixed Platforms.Build.0 = Debug|x86
		{2226F5BD-7D90-41BB-96DC-8DF10FC6621C}.Debug|x86.ActiveCfg = Debug|x86
		{2226F5BD-7D90-41BB-96DC-8DF10FC6621C}.Debug|x86.Build.0 = Debug|x86
		{2226F5BD-7D90-41BB-96DC-8DF10FC6621C}.Debug|Xbox 360.ActiveCfg = Debug|x86
		{2226F5BD-7D90-41BB-96DC-8DF10FC6621C}.Debug|Xbox 360.Build.0 = Debug|x86
		{2226F5BD-7D90-41BB-96DC-8DF10FC6621C}.Release|Mixed Platforms.ActiveCfg = Release|x86
		{2226F5BD-7D90-41BB-96DC-8DF10FC6621C}.Release|Mixed Platforms.Build.0 = Release|x86
		{2226F5BD-7D90-41BB-96DC-8DF10FC6621C}.Release|x86.ActiveCfg = Release|x86
		{2226F5BD-7D90-41BB-96DC-8DF10FC6621C}.Release|x86.Build.0 = Release|x86
		{2226F5BD-7D90-41BB-96DC-8DF10FC6621C}.Release|Xbox 360.ActiveCfg = Release|x86
		{2226F5BD-7D90-41BB-96DC-8DF10FC6621C}.Release|Xbox 360.Build.0 = Release|x86
		{AA253374-6004-49CE-B1C4-FA7F556EE1DC}.Debug|Mixed Platforms.ActiveCfg = Debug|x86
		{AA253374-6004-49CE-B1C4-FA7F556EE1DC}.Debug|x86.ActiveCfg = Debug|x86
		{AA253374-6004-49CE-B1C4-FA7F556EE1DC}.Debug|Xbox 360.ActiveCfg = Debug|x86
		{AA253374-6004-49CE-B1C4-FA7F556EE1DC}.Release|Mixed Platforms.ActiveCfg = Release|x86
		{AA253374-6004-49CE-B1C4-FA7F556EE1DC}.Release|x86.ActiveCfg = Release|x86
		{AA253374-6004-49CE-B1C4-FA7F556EE1DC}.Release|Xbox 360.ActiveCfg = Release|x86
		{0A551D79-F37E-4529-9CA0-3FD2E9EA715E}.Debug|Mixed Platforms.ActiveCfg = Debug|x86
		{0A551D79-F37E-4529-9CA0-3FD2E9EA715E}.Debug|Mixed Platforms.Build.0 = Debug|x86
		{0A551D79-F37E-4529-9CA0-3FD2E9EA715E}.Debug|x86.ActiveCfg = Debug|x86
		{0A551D79-F37E-4529-9CA0-3FD2E9EA715E}.Debug|x86.Build.0 = Debug|x86
		{0A551D79-F37E-4529-9CA0-3FD2E9EA715E}.Debug|Xbox 360.ActiveCfg = Debug|x86
		{0A551D79-F37E-4529-9CA0-3FD2E9EA715E}.Debug|Xbox 360.Build.0 = Debug|x86
		{0A551D79-F37E-4529-9CA0-3FD2E9EA715E}.Release|Mixed Platforms.ActiveCfg = Release|x86
		{0A551D79-F37E-4529-9CA0-3FD2E9EA715E}.Release|Mixed Platforms.Build.0 = Release|x86
		{0A551D79-F37E-4529-9CA0-3FD2E9EA715E}.Release|x86.ActiveCfg = Release|x86
		{0A551D79-F37E-4529-9CA0-3FD2E9EA715E}.Release|x86.Build.0 = Release|x86
		{0A551D79-F37E-4529-9CA0-3FD2E9EA715E}.Release|Xbox 360.ActiveCfg = Release|x86
		{0A551D79-F37E-4529-9CA0-3FD2E9EA715E}.Release|Xbox 360.Build.0 = Release|x86
		{E8D42DDD-BB76-4CA9-A19C-239FB2B55F21}.Debug|Mixed Platforms.ActiveCfg = Debug|x86
		{E8D42DDD-BB76-4CA9-A19C-239FB2B55F21}.Debug|Mixed Platforms.Build.0 = Debug|x86
		{E8D42DDD-BB76-4CA9-A19C-239FB2B55F21}.Debug|x86.ActiveCfg = Debug|x86
		{E8D42DDD-BB76-4CA9-A19C-239FB2B55F21}.Debug|x86.Build.0 = Debug|x86
		{E8D42DDD-BB76-4CA9-A19C-239FB2B55F21}.Debug|Xbox 360.ActiveCfg = Debug|x86
		{E8D42DDD-BB76-4CA9-A19C-239FB2B55F21}.Debug|Xbox 360.Build.0 = Debug|x86
		{E8D42DDD-BB76-4CA9-A19C-239FB2B55F21}.Release|Mixed Platforms.ActiveCfg = Release|x86
		{E8D42DDD-BB76-4CA9-A19C-239FB2B55F21}.Release|Mixed Platforms.Build.0 = Release|x86
		{E8D42DDD-BB76-4CA9-A19C-239FB2B55F21}.Release|x86.ActiveCfg = Release|x86
		{E8D42DDD-BB76-4CA9-A19C-239FB2B55F21}.Release|x86.Build.0 = Release|x86
		{E8D42DDD-BB76-4CA9-A19C-239FB2B55F21}.Release|Xbox 360.ActiveCfg = Release|x86
		{E8D42DDD-BB76-4CA9-A19C-239FB2B55F21}.Release|Xbox 360.Build.0 = Release|x86
		{7DC6A5C9-09A0-4BDC-B9B3-1086D98975D4}.Debug|Mixed Platforms.ActiveCfg = Debug|x86
		{7DC6A5C9-09A0-4BDC-B9B3-1086D98975D4}.Debug|Mixed Platforms.Build.0 = Debug|x86
		{7DC6A5C9-09A0-4BDC-B9B3-1086D98975D4}.Debug|x86.ActiveCfg = Debug|x86
		{7DC6A5C9-09A0-4BDC-B9B3-1086D98975D4}.Debug|x86.Build.0 = Debug|x86
		{7DC6A5C9-09A0-4BDC-B9B3-1086D98975D4}.Debug|Xbox 360.ActiveCfg = Debug|x86
		{7DC6A5C9-09A0-4BDC-B9B3-1086D98975D4}.Debug|Xbox 360.Build.0 = Debug|x86
		{7DC6A5C9-09A0-4BDC-B9B3-1086D98975D4}.Release|Mixed Platforms.ActiveCfg = Release|x86
		{7DC6A5C9-09A0-4BDC-B9B3-1086D98975D4}.Release|Mixed Platforms.Build.0 = Release|x86
		{7DC6A5C9-09A0-4BDC-B9B3-1086D98975D4}.Release|x86.ActiveCfg = Release|x86
		{7DC6A5C9-09A0-4BDC-B9B3-1086D98975D4}.Release|x86.Build.0 = Release|x86
		{7DC6A5C9-09A0-4BDC-B9B3-1086D98975D4}.Release|Xbox 360.ActiveCfg = Release|x86
		{7DC6A5C9-09A0-4BDC-B9B3-1086D98975D4}.Release|Xbox 360.Build.0 = Release|x86
		{C5C7422A-5D80-4A8D-94A3-C58E4B4FE906}.Debug|Mixed Platforms.ActiveCfg = Debug|Xbox 360
		{C5C7422A-5D80-4A8D-94A3-C58E4B4FE906}.Debug|Mixed Platforms.Build.0 = Debug|Xbox 360
		{C5C7422A-5D80-4A8D-94A3-C58E4B4FE906}.Debug|x86.ActiveCfg = Debug|Xbox 360
		{C5C7422A-5D80-4A8D-94A3-C58E4B4FE906}.Debug|Xbox 360.ActiveCfg = Debug|Xbox 360
		{C5C7422A-5D80-4A8D-94A3-C58E4B4FE906}.Debug|Xbox 360.Build.0 = Debug|Xbox 360
		{C5C7422A-5D80-4A8D-94A3-C58E4B4FE906}.Release|Mixed Platforms.ActiveCfg = Release|Xbox 360
		{C5C7422A-5D80-4A8D-94A3-C58E4B4FE906}.Release|Mixed Platforms.Build.0 = Release|Xbox 360
		{C5C7422A-5D80-4A8D-94A3-C58E4B4FE906}.Release|x86.ActiveCfg = Release|Xbox 360
		{C5C7422A-5D80-4A8D-94A3-C58E4B4FE906}.Release|Xbox 360.ActiveCfg = Release|Xbox 360
		{C5C7422A-5D80-4A8D-94A3-C58E4B4FE906}.Release|Xbox 360.Build.0 = Release|Xbox 360
		{3BD2D75E-FA82-43D1-80D8-CB04C1BB9832}.Debug|Mixed Platforms.ActiveCfg = Debug|Xbox 360
		{3BD2D75E-FA82-43D1-80D8-CB04C1BB9832}.Debug|Mixed Platforms.Build.0 = Debug|Xbox 360
		{3BD2D75E-FA82-43D1-80D8-CB04C1BB9832}.Debug|x86.ActiveCfg = Debug|Xbox 360
		{3BD2D75E-FA82-43D1-80D8-CB04C1BB9832}.Debug|Xbox 360.ActiveCfg = Debug|Xbox 360
		{3BD2D75E-FA82-43D1-80D8-CB04C1BB9832}.Debug|Xbox 360.Build.0 = Debug|Xbox 360
		{3BD2D75E-FA82-43D1-80D8-CB04C1BB9832}.Release|Mixed Platforms.ActiveCfg = Release|Xbox 360
		{3BD2D75E-FA82-43D1-80D8-CB04C1BB9832}.Release|Mixed Platforms.Build.0 = Release|Xbox 360
		{3BD2D75E-FA82-43D1-80D8-CB04C1BB9832}.Release|x86.ActiveCfg = Release|Xbox 360
		{3BD2D75E-FA82-43D1-80D8-CB04C1BB9832}.Release|Xbox 360.ActiveCfg = Release|Xbox 360
		{3BD2D75E-FA82-43D1-80D8-CB04C1BB9832}.Release|Xbox 360.Build.0 = Release|Xbox 360
		{5A236B7D-0AF5-4D81-A67C-C3453C868FB7}.Debug|Mixed Platforms.ActiveCfg = Debug|Xbox 360
		{5A236B7D-0AF5-4D81-A67C-C3453C868FB7}.Debug|Mixed Platforms.Build.0 = Debug|Xbox 360
		{5A236B7D-0AF5-4D81-A67C-C3453C868FB7}.Debug|Mixed Platforms.Deploy.0 = Debug|Xbox 360
		{5A236B7D-0AF5-4D81-A67C-C3453C868FB7}.Debug|x86.ActiveCfg = Debug|Xbox 360
		{5A236B7D-0AF5-4D81-A67C-C3453C868FB7}.Debug|Xbox 360.ActiveCfg = Debug|Xbox 360
		{5A236B7D-0AF5-4D81-A67C-C3453C868FB7}.Debug|Xbox 360.Build.0 = Debug|Xbox 360
		{5A236B7D-0AF5-4D81-A67C-C3453C868FB7}.Debug|Xbox 360.Deploy.0 = Debug|Xbox 360
		{5A236B7D-0AF5-4D81-A67C-C3453C868FB7}.Release|Mixed Platforms.ActiveCfg = Release|Xbox 360
		{5A236B7D-0AF5-4D81-A67C-C3453C868FB7}.Release|Mixed Platforms.Build.0 = Release|Xbox 360
		{5A236B7D-0AF5-4D81-A67C-C3453C868FB7}.Release|Mixed Platforms.Deploy.0 = Release|Xbox 360
		{5A236B7D-0AF5-4D81-A67C-C3453C868FB7}.Release|x86.ActiveCfg = Release|Xbox 360
		{5A236B7D-0AF5-4D81-A67C-C3453C868FB7}.Release|Xbox 360.ActiveCfg = Release|Xbox 360
		{5A236B7D-0AF5-4D81-A67C-C3453C868FB7}.Release|Xbox 360.Build.0 = Release|Xbox 360
		{5A236B7D-0AF5-4D81-A67C-C3453C868FB7}.Release|Xbox 360.Deploy.0 = Release|Xbox 360
	EndGlobalSection
	GlobalSection(SolutionProperties) = preSolution
		HideSolutionNode = FALSE
	EndGlobalSection
	GlobalSection(ExtensibilityGlobals) = postSolution
		VisualSVNWorkingCopyRoot = .
	EndGlobalSection
	GlobalSection(Performance) = preSolution
		HasPerformanceSessions = true
	EndGlobalSection
EndGlobal
