
Microsoft Visual Studio Solution File, Format Version 11.00
# Visual Studio 2010
Project("{FAE04EC0-301F-11D3-BF4B-00C04F79EFBC}") = "COMP7051Lab3", "COMP7051Lab3\COMP7051Lab3\COMP7051Lab3.csproj", "{F8D11824-63B7-498C-B9A7-21767C9DB2F7}"
EndProject
Project("{FAE04EC0-301F-11D3-BF4B-00C04F79EFBC}") = "COMP7051Lab3Content", "COMP7051Lab3\COMP7051Lab3Content\COMP7051Lab3Content.contentproj", "{34C59C69-78A1-43DD-9545-87C7AFEF089F}"
EndProject
Global
	GlobalSection(SolutionConfigurationPlatforms) = preSolution
		Debug|x86 = Debug|x86
		Release|x86 = Release|x86
	EndGlobalSection
	GlobalSection(ProjectConfigurationPlatforms) = postSolution
		{F8D11824-63B7-498C-B9A7-21767C9DB2F7}.Debug|x86.ActiveCfg = Debug|x86
		{F8D11824-63B7-498C-B9A7-21767C9DB2F7}.Debug|x86.Build.0 = Debug|x86
		{F8D11824-63B7-498C-B9A7-21767C9DB2F7}.Release|x86.ActiveCfg = Release|x86
		{F8D11824-63B7-498C-B9A7-21767C9DB2F7}.Release|x86.Build.0 = Release|x86
		{34C59C69-78A1-43DD-9545-87C7AFEF089F}.Debug|x86.ActiveCfg = Debug|x86
		{34C59C69-78A1-43DD-9545-87C7AFEF089F}.Release|x86.ActiveCfg = Release|x86
	EndGlobalSection
	GlobalSection(SolutionProperties) = preSolution
		HideSolutionNode = FALSE
	EndGlobalSection
	GlobalSection(ExtensibilityGlobals) = postSolution
		VisualSVNWorkingCopyRoot = .
	EndGlobalSection
EndGlobal
