
Microsoft Visual Studio Solution File, Format Version 11.00
# Visual Studio 2010
Project("{FAE04EC0-301F-11D3-BF4B-00C04F79EFBC}") = "Test", "Test\Test\Test.csproj", "{F9315B59-CA43-44B8-B37D-D9FA10FA0BB0}"
EndProject
Project("{96E2B04D-8817-42C6-938A-82C39BA4D311}") = "TestContent", "Test\TestContent\TestContent.contentproj", "{E6A26B40-CD13-4C4A-B686-4DB17A85F707}"
EndProject
Global
	GlobalSection(SolutionConfigurationPlatforms) = preSolution
		Debug|x86 = Debug|x86
		Release|x86 = Release|x86
	EndGlobalSection
	GlobalSection(ProjectConfigurationPlatforms) = postSolution
		{F9315B59-CA43-44B8-B37D-D9FA10FA0BB0}.Debug|x86.ActiveCfg = Debug|x86
		{F9315B59-CA43-44B8-B37D-D9FA10FA0BB0}.Debug|x86.Build.0 = Debug|x86
		{F9315B59-CA43-44B8-B37D-D9FA10FA0BB0}.Release|x86.ActiveCfg = Release|x86
		{F9315B59-CA43-44B8-B37D-D9FA10FA0BB0}.Release|x86.Build.0 = Release|x86
		{E6A26B40-CD13-4C4A-B686-4DB17A85F707}.Debug|x86.ActiveCfg = Debug|x86
		{E6A26B40-CD13-4C4A-B686-4DB17A85F707}.Release|x86.ActiveCfg = Release|x86
	EndGlobalSection
	GlobalSection(SolutionProperties) = preSolution
		HideSolutionNode = FALSE
	EndGlobalSection
	GlobalSection(ExtensibilityGlobals) = postSolution
		VisualSVNWorkingCopyRoot = .
	EndGlobalSection
EndGlobal
